
Microsoft Visual Studio Solution File, Format Version 12.00
# Visual Studio Version 16
VisualStudioVersion = 16.0.29521.150
MinimumVisualStudioVersion = 10.0.40219.1
Project("{9A19103F-16F7-4668-BE54-9A1E7A4F7556}") = "TestManagementApi", "TestManagementApi\TestManagementApi.csproj", "{7C9A5434-3A7F-4E85-BA14-1563858A376C}"
EndProject
Project("{9A19103F-16F7-4668-BE54-9A1E7A4F7556}") = "TestmanagementLib", "TestmanagementLib\TestmanagementLib.csproj", "{956FE8AE-2548-461C-960E-A4B7A39C8FE4}"
EndProject
Global
	GlobalSection(SolutionConfigurationPlatforms) = preSolution
		Debug|Any CPU = Debug|Any CPU
		Release|Any CPU = Release|Any CPU
	EndGlobalSection
	GlobalSection(ProjectConfigurationPlatforms) = postSolution
		{7C9A5434-3A7F-4E85-BA14-1563858A376C}.Debug|Any CPU.ActiveCfg = Debug|Any CPU
		{7C9A5434-3A7F-4E85-BA14-1563858A376C}.Debug|Any CPU.Build.0 = Debug|Any CPU
		{7C9A5434-3A7F-4E85-BA14-1563858A376C}.Release|Any CPU.ActiveCfg = Release|Any CPU
		{7C9A5434-3A7F-4E85-BA14-1563858A376C}.Release|Any CPU.Build.0 = Release|Any CPU
		{956FE8AE-2548-461C-960E-A4B7A39C8FE4}.Debug|Any CPU.ActiveCfg = Debug|Any CPU
		{956FE8AE-2548-461C-960E-A4B7A39C8FE4}.Debug|Any CPU.Build.0 = Debug|Any CPU
		{956FE8AE-2548-461C-960E-A4B7A39C8FE4}.Release|Any CPU.ActiveCfg = Release|Any CPU
		{956FE8AE-2548-461C-960E-A4B7A39C8FE4}.Release|Any CPU.Build.0 = Release|Any CPU
	EndGlobalSection
	GlobalSection(SolutionProperties) = preSolution
		HideSolutionNode = FALSE
	EndGlobalSection
	GlobalSection(ExtensibilityGlobals) = postSolution
		SolutionGuid = {C1AB4431-5FE6-4731-BD83-0C817F1E1F82}
	EndGlobalSection
EndGlobal
